
Microsoft Visual Studio Solution File, Format Version 12.00
# Visual Studio Version 16
VisualStudioVersion = 16.0.31321.278
MinimumVisualStudioVersion = 10.0.40219.1
Project("{2150E333-8FDC-42A3-9474-1A3956D46DE8}") = "DataAccessLayer", "DataAccessLayer", "{E2A83C75-5457-45F9-990B-CE6CC377764F}"
EndProject
Project("{2150E333-8FDC-42A3-9474-1A3956D46DE8}") = "BusinessLayer", "BusinessLayer", "{FCEAB26C-064D-4A68-ADD3-1FB380391089}"
EndProject
Project("{FAE04EC0-301F-11D3-BF4B-00C04F79EFBC}") = "BusinessLib", "BusinessLib\BusinessLib.csproj", "{D465D713-F85B-4177-9244-924046DAFADD}"
EndProject
Project("{FAE04EC0-301F-11D3-BF4B-00C04F79EFBC}") = "DataAccessLib", "DataAccessLib\DataAccessLib.csproj", "{B3A94C12-3BCD-4644-A9AF-08031D62D32B}"
EndProject
Project("{2150E333-8FDC-42A3-9474-1A3956D46DE8}") = "DataEntities", "DataEntities", "{829B7C6A-E1FF-4166-B03B-ECDB9752CF7C}"
EndProject
Project("{FAE04EC0-301F-11D3-BF4B-00C04F79EFBC}") = "DataEntitiesLib", "DataEntitiesLib\DataEntitiesLib.csproj", "{24E763CA-AEED-4FC4-BC2B-9B6DA72F7BBA}"
EndProject
Project("{2150E333-8FDC-42A3-9474-1A3956D46DE8}") = "PresentationLayer", "PresentationLayer", "{880D7DFC-7834-446F-AFBE-C550C97B11FF}"
EndProject
Project("{2150E333-8FDC-42A3-9474-1A3956D46DE8}") = "FrameWork", "FrameWork", "{F2A1C698-96B7-4049-A07D-B7A3AA8E5353}"
EndProject
Project("{2150E333-8FDC-42A3-9474-1A3956D46DE8}") = "Models", "Models", "{BA1AB06D-FBA0-478E-ABD2-FB7CF56140FA}"
EndProject
Project("{2150E333-8FDC-42A3-9474-1A3956D46DE8}") = "ViewModels", "ViewModels", "{0970E993-BE2C-4EBF-B060-46DC9F620730}"
EndProject
Project("{2150E333-8FDC-42A3-9474-1A3956D46DE8}") = "MainApp", "MainApp", "{910871B4-0DC7-4D68-939A-9B4753B83C8A}"
EndProject
Project("{FAE04EC0-301F-11D3-BF4B-00C04F79EFBC}") = "AccountApp2023", "AccountApp2023\AccountApp2023.csproj", "{1D6F4CF2-BB2F-40D5-95BB-88309A0F6ECE}"
EndProject
Project("{FAE04EC0-301F-11D3-BF4B-00C04F79EFBC}") = "FrameWorkLib", "FrameWorkLib\FrameWorkLib.csproj", "{667833D8-E53C-49AD-9615-7BEFD15779D2}"
EndProject
Project("{FAE04EC0-301F-11D3-BF4B-00C04F79EFBC}") = "ModelsLib", "ModelsLib\ModelsLib.csproj", "{65EC5CDD-AB90-4257-AB01-5B8A24D1A367}"
EndProject
Project("{FAE04EC0-301F-11D3-BF4B-00C04F79EFBC}") = "ViewModelsLib", "ViewModelsLib\ViewModelsLib.csproj", "{26167AC2-0956-4A17-980D-A09886ECE054}"
EndProject
Project("{2150E333-8FDC-42A3-9474-1A3956D46DE8}") = "Models1", "Models1", "{58069673-4E29-48B4-88D7-52CA3EDFBE9B}"
EndProject
Project("{FAE04EC0-301F-11D3-BF4B-00C04F79EFBC}") = "ModelsLib1", "ModelLib1\ModelsLib1.csproj", "{94AE5567-27DA-4E49-8B21-F986C014E722}"
EndProject
Global
	GlobalSection(SolutionConfigurationPlatforms) = preSolution
		Debug|Any CPU = Debug|Any CPU
		Release|Any CPU = Release|Any CPU
	EndGlobalSection
	GlobalSection(ProjectConfigurationPlatforms) = postSolution
		{D465D713-F85B-4177-9244-924046DAFADD}.Debug|Any CPU.ActiveCfg = Debug|Any CPU
		{D465D713-F85B-4177-9244-924046DAFADD}.Debug|Any CPU.Build.0 = Debug|Any CPU
		{D465D713-F85B-4177-9244-924046DAFADD}.Release|Any CPU.ActiveCfg = Release|Any CPU
		{D465D713-F85B-4177-9244-924046DAFADD}.Release|Any CPU.Build.0 = Release|Any CPU
		{B3A94C12-3BCD-4644-A9AF-08031D62D32B}.Debug|Any CPU.ActiveCfg = Debug|Any CPU
		{B3A94C12-3BCD-4644-A9AF-08031D62D32B}.Debug|Any CPU.Build.0 = Debug|Any CPU
		{B3A94C12-3BCD-4644-A9AF-08031D62D32B}.Release|Any CPU.ActiveCfg = Release|Any CPU
		{B3A94C12-3BCD-4644-A9AF-08031D62D32B}.Release|Any CPU.Build.0 = Release|Any CPU
		{24E763CA-AEED-4FC4-BC2B-9B6DA72F7BBA}.Debug|Any CPU.ActiveCfg = Debug|Any CPU
		{24E763CA-AEED-4FC4-BC2B-9B6DA72F7BBA}.Debug|Any CPU.Build.0 = Debug|Any CPU
		{24E763CA-AEED-4FC4-BC2B-9B6DA72F7BBA}.Release|Any CPU.ActiveCfg = Release|Any CPU
		{24E763CA-AEED-4FC4-BC2B-9B6DA72F7BBA}.Release|Any CPU.Build.0 = Release|Any CPU
		{1D6F4CF2-BB2F-40D5-95BB-88309A0F6ECE}.Debug|Any CPU.ActiveCfg = Debug|Any CPU
		{1D6F4CF2-BB2F-40D5-95BB-88309A0F6ECE}.Debug|Any CPU.Build.0 = Debug|Any CPU
		{1D6F4CF2-BB2F-40D5-95BB-88309A0F6ECE}.Release|Any CPU.ActiveCfg = Release|Any CPU
		{1D6F4CF2-BB2F-40D5-95BB-88309A0F6ECE}.Release|Any CPU.Build.0 = Release|Any CPU
		{667833D8-E53C-49AD-9615-7BEFD15779D2}.Debug|Any CPU.ActiveCfg = Debug|Any CPU
		{667833D8-E53C-49AD-9615-7BEFD15779D2}.Debug|Any CPU.Build.0 = Debug|Any CPU
		{667833D8-E53C-49AD-9615-7BEFD15779D2}.Release|Any CPU.ActiveCfg = Release|Any CPU
		{667833D8-E53C-49AD-9615-7BEFD15779D2}.Release|Any CPU.Build.0 = Release|Any CPU
		{65EC5CDD-AB90-4257-AB01-5B8A24D1A367}.Debug|Any CPU.ActiveCfg = Debug|Any CPU
		{65EC5CDD-AB90-4257-AB01-5B8A24D1A367}.Debug|Any CPU.Build.0 = Debug|Any CPU
		{65EC5CDD-AB90-4257-AB01-5B8A24D1A367}.Release|Any CPU.ActiveCfg = Release|Any CPU
		{65EC5CDD-AB90-4257-AB01-5B8A24D1A367}.Release|Any CPU.Build.0 = Release|Any CPU
		{26167AC2-0956-4A17-980D-A09886ECE054}.Debug|Any CPU.ActiveCfg = Debug|Any CPU
		{26167AC2-0956-4A17-980D-A09886ECE054}.Debug|Any CPU.Build.0 = Debug|Any CPU
		{26167AC2-0956-4A17-980D-A09886ECE054}.Release|Any CPU.ActiveCfg = Release|Any CPU
		{26167AC2-0956-4A17-980D-A09886ECE054}.Release|Any CPU.Build.0 = Release|Any CPU
		{94AE5567-27DA-4E49-8B21-F986C014E722}.Debug|Any CPU.ActiveCfg = Debug|Any CPU
		{94AE5567-27DA-4E49-8B21-F986C014E722}.Debug|Any CPU.Build.0 = Debug|Any CPU
		{94AE5567-27DA-4E49-8B21-F986C014E722}.Release|Any CPU.ActiveCfg = Release|Any CPU
		{94AE5567-27DA-4E49-8B21-F986C014E722}.Release|Any CPU.Build.0 = Release|Any CPU
	EndGlobalSection
	GlobalSection(SolutionProperties) = preSolution
		HideSolutionNode = FALSE
	EndGlobalSection
	GlobalSection(NestedProjects) = preSolution
		{D465D713-F85B-4177-9244-924046DAFADD} = {FCEAB26C-064D-4A68-ADD3-1FB380391089}
		{B3A94C12-3BCD-4644-A9AF-08031D62D32B} = {E2A83C75-5457-45F9-990B-CE6CC377764F}
		{24E763CA-AEED-4FC4-BC2B-9B6DA72F7BBA} = {829B7C6A-E1FF-4166-B03B-ECDB9752CF7C}
		{F2A1C698-96B7-4049-A07D-B7A3AA8E5353} = {880D7DFC-7834-446F-AFBE-C550C97B11FF}
		{BA1AB06D-FBA0-478E-ABD2-FB7CF56140FA} = {880D7DFC-7834-446F-AFBE-C550C97B11FF}
		{0970E993-BE2C-4EBF-B060-46DC9F620730} = {880D7DFC-7834-446F-AFBE-C550C97B11FF}
		{910871B4-0DC7-4D68-939A-9B4753B83C8A} = {880D7DFC-7834-446F-AFBE-C550C97B11FF}
		{1D6F4CF2-BB2F-40D5-95BB-88309A0F6ECE} = {910871B4-0DC7-4D68-939A-9B4753B83C8A}
		{667833D8-E53C-49AD-9615-7BEFD15779D2} = {F2A1C698-96B7-4049-A07D-B7A3AA8E5353}
		{65EC5CDD-AB90-4257-AB01-5B8A24D1A367} = {BA1AB06D-FBA0-478E-ABD2-FB7CF56140FA}
		{26167AC2-0956-4A17-980D-A09886ECE054} = {0970E993-BE2C-4EBF-B060-46DC9F620730}
		{58069673-4E29-48B4-88D7-52CA3EDFBE9B} = {880D7DFC-7834-446F-AFBE-C550C97B11FF}
		{94AE5567-27DA-4E49-8B21-F986C014E722} = {58069673-4E29-48B4-88D7-52CA3EDFBE9B}
	EndGlobalSection
	GlobalSection(ExtensibilityGlobals) = postSolution
		SolutionGuid = {4B2E27AD-B4D2-4340-98B1-DB09B93DD541}
	EndGlobalSection
EndGlobal
